// !$*UTF8*$!
{
	archiveVersion = 1;
	classes = {
	};
	objectVersion = 46;
	objects = {

/* Begin PBXBuildFile section */
		279ADED61DD265A000246E11 /* AppDelegate.swift in Sources */ = {isa = PBXBuildFile; fileRef = 279ADED51DD265A000246E11 /* AppDelegate.swift */; };
		279ADED81DD265A000246E11 /* MessagesController.swift in Sources */ = {isa = PBXBuildFile; fileRef = 279ADED71DD265A000246E11 /* MessagesController.swift */; };
		279ADEDB1DD265A000246E11 /* Main.storyboard in Resources */ = {isa = PBXBuildFile; fileRef = 279ADED91DD265A000246E11 /* Main.storyboard */; };
		279ADEDD1DD265A000246E11 /* Assets.xcassets in Resources */ = {isa = PBXBuildFile; fileRef = 279ADEDC1DD265A000246E11 /* Assets.xcassets */; };
		279ADEE01DD265A000246E11 /* LaunchScreen.storyboard in Resources */ = {isa = PBXBuildFile; fileRef = 279ADEDE1DD265A000246E11 /* LaunchScreen.storyboard */; };
		279ADEE91DD26A8200246E11 /* LoginController.swift in Sources */ = {isa = PBXBuildFile; fileRef = 279ADEE81DD26A8200246E11 /* LoginController.swift */; };
		279ADEEB1DD35D9300246E11 /* GoogleService-Info.plist in Resources */ = {isa = PBXBuildFile; fileRef = 279ADEEA1DD35D9300246E11 /* GoogleService-Info.plist */; };
		279ADEED1DD3CB7B00246E11 /* NewMessageController.swift in Sources */ = {isa = PBXBuildFile; fileRef = 279ADEEC1DD3CB7B00246E11 /* NewMessageController.swift */; };
		279ADEF01DD4A2F700246E11 /* User.swift in Sources */ = {isa = PBXBuildFile; fileRef = 279ADEEF1DD4A2F700246E11 /* User.swift */; };
		279ADEF21DD50CA900246E11 /* LoginController+handlers.swift in Sources */ = {isa = PBXBuildFile; fileRef = 279ADEF11DD50CA900246E11 /* LoginController+handlers.swift */; };
		350AE201FCC13852ECF30FE0 /* Pods_GamesOfChats.framework in Frameworks */ = {isa = PBXBuildFile; fileRef = 4F8A929ABAE24AF51D9DA7E9 /* Pods_GamesOfChats.framework */; };
/* End PBXBuildFile section */

/* Begin PBXFileReference section */
		279ADED21DD265A000246E11 /* GamesOfChats.app */ = {isa = PBXFileReference; explicitFileType = wrapper.application; includeInIndex = 0; path = GamesOfChats.app; sourceTree = BUILT_PRODUCTS_DIR; };
		279ADED51DD265A000246E11 /* AppDelegate.swift */ = {isa = PBXFileReference; lastKnownFileType = sourcecode.swift; path = AppDelegate.swift; sourceTree = "<group>"; };
		279ADED71DD265A000246E11 /* MessagesController.swift */ = {isa = PBXFileReference; lastKnownFileType = sourcecode.swift; path = MessagesController.swift; sourceTree = "<group>"; };
		279ADEDA1DD265A000246E11 /* Base */ = {isa = PBXFileReference; lastKnownFileType = file.storyboard; name = Base; path = Base.lproj/Main.storyboard; sourceTree = "<group>"; };
		279ADEDC1DD265A000246E11 /* Assets.xcassets */ = {isa = PBXFileReference; lastKnownFileType = folder.assetcatalog; path = Assets.xcassets; sourceTree = "<group>"; };
		279ADEDF1DD265A000246E11 /* Base */ = {isa = PBXFileReference; lastKnownFileType = file.storyboard; name = Base; path = Base.lproj/LaunchScreen.storyboard; sourceTree = "<group>"; };
		279ADEE11DD265A000246E11 /* Info.plist */ = {isa = PBXFileReference; lastKnownFileType = text.plist.xml; path = Info.plist; sourceTree = "<group>"; };
		279ADEE81DD26A8200246E11 /* LoginController.swift */ = {isa = PBXFileReference; fileEncoding = 4; lastKnownFileType = sourcecode.swift; path = LoginController.swift; sourceTree = "<group>"; };
		279ADEEA1DD35D9300246E11 /* GoogleService-Info.plist */ = {isa = PBXFileReference; fileEncoding = 4; lastKnownFileType = text.plist.xml; path = "GoogleService-Info.plist"; sourceTree = "<group>"; };
		279ADEEC1DD3CB7B00246E11 /* NewMessageController.swift */ = {isa = PBXFileReference; fileEncoding = 4; lastKnownFileType = sourcecode.swift; path = NewMessageController.swift; sourceTree = "<group>"; };
		279ADEEF1DD4A2F700246E11 /* User.swift */ = {isa = PBXFileReference; fileEncoding = 4; lastKnownFileType = sourcecode.swift; path = User.swift; sourceTree = "<group>"; };
		279ADEF11DD50CA900246E11 /* LoginController+handlers.swift */ = {isa = PBXFileReference; fileEncoding = 4; lastKnownFileType = sourcecode.swift; path = "LoginController+handlers.swift"; sourceTree = "<group>"; };
		39F414FE47EEDFD9ECB9FDF4 /* Pods-GamesOfChats.debug.xcconfig */ = {isa = PBXFileReference; includeInIndex = 1; lastKnownFileType = text.xcconfig; name = "Pods-GamesOfChats.debug.xcconfig"; path = "Pods/Target Support Files/Pods-GamesOfChats/Pods-GamesOfChats.debug.xcconfig"; sourceTree = "<group>"; };
		4F8A929ABAE24AF51D9DA7E9 /* Pods_GamesOfChats.framework */ = {isa = PBXFileReference; explicitFileType = wrapper.framework; includeInIndex = 0; path = Pods_GamesOfChats.framework; sourceTree = BUILT_PRODUCTS_DIR; };
		80BFD04A684C31382C28147D /* Pods-GamesOfChats.release.xcconfig */ = {isa = PBXFileReference; includeInIndex = 1; lastKnownFileType = text.xcconfig; name = "Pods-GamesOfChats.release.xcconfig"; path = "Pods/Target Support Files/Pods-GamesOfChats/Pods-GamesOfChats.release.xcconfig"; sourceTree = "<group>"; };
/* End PBXFileReference section */

/* Begin PBXFrameworksBuildPhase section */
		279ADECF1DD265A000246E11 /* Frameworks */ = {
			isa = PBXFrameworksBuildPhase;
			buildActionMask = 2147483647;
			files = (
				350AE201FCC13852ECF30FE0 /* Pods_GamesOfChats.framework in Frameworks */,
			);
			runOnlyForDeploymentPostprocessing = 0;
		};
/* End PBXFrameworksBuildPhase section */

/* Begin PBXGroup section */
		20B318659B362A64AEE5BD46 /* Frameworks */ = {
			isa = PBXGroup;
			children = (
				4F8A929ABAE24AF51D9DA7E9 /* Pods_GamesOfChats.framework */,
			);
			name = Frameworks;
			sourceTree = "<group>";
		};
		279ADEC91DD265A000246E11 = {
			isa = PBXGroup;
			children = (
				279ADED41DD265A000246E11 /* GamesOfChats */,
				279ADED31DD265A000246E11 /* Products */,
				76D40ED8A991578E2A8D31DE /* Pods */,
				20B318659B362A64AEE5BD46 /* Frameworks */,
			);
			sourceTree = "<group>";
		};
		279ADED31DD265A000246E11 /* Products */ = {
			isa = PBXGroup;
			children = (
				279ADED21DD265A000246E11 /* GamesOfChats.app */,
			);
			name = Products;
			sourceTree = "<group>";
		};
		279ADED41DD265A000246E11 /* GamesOfChats */ = {
			isa = PBXGroup;
			children = (
				279ADEEE1DD4A2E800246E11 /* Model */,
				279ADEE71DD26A6900246E11 /* Controller */,
				279ADED51DD265A000246E11 /* AppDelegate.swift */,
				279ADED91DD265A000246E11 /* Main.storyboard */,
				279ADEDC1DD265A000246E11 /* Assets.xcassets */,
				279ADEDE1DD265A000246E11 /* LaunchScreen.storyboard */,
				279ADEE11DD265A000246E11 /* Info.plist */,
				279ADEEA1DD35D9300246E11 /* GoogleService-Info.plist */,
			);
			path = GamesOfChats;
			sourceTree = "<group>";
		};
		279ADEE71DD26A6900246E11 /* Controller */ = {
			isa = PBXGroup;
			children = (
				279ADEE81DD26A8200246E11 /* LoginController.swift */,
				279ADEF11DD50CA900246E11 /* LoginController+handlers.swift */,
				279ADED71DD265A000246E11 /* MessagesController.swift */,
				279ADEEC1DD3CB7B00246E11 /* NewMessageController.swift */,
			);
			name = Controller;
			sourceTree = "<group>";
		};
		279ADEEE1DD4A2E800246E11 /* Model */ = {
			isa = PBXGroup;
			children = (
				279ADEEF1DD4A2F700246E11 /* User.swift */,
			);
			name = Model;
			sourceTree = "<group>";
		};
		76D40ED8A991578E2A8D31DE /* Pods */ = {
			isa = PBXGroup;
			children = (
				39F414FE47EEDFD9ECB9FDF4 /* Pods-GamesOfChats.debug.xcconfig */,
				80BFD04A684C31382C28147D /* Pods-GamesOfChats.release.xcconfig */,
			);
			name = Pods;
			sourceTree = "<group>";
		};
/* End PBXGroup section */

/* Begin PBXNativeTarget section */
		279ADED11DD265A000246E11 /* GamesOfChats */ = {
			isa = PBXNativeTarget;
			buildConfigurationList = 279ADEE41DD265A000246E11 /* Build configuration list for PBXNativeTarget "GamesOfChats" */;
			buildPhases = (
				16D07CD2FAAC636E993DB27D /* [CP] Check Pods Manifest.lock */,
				279ADECE1DD265A000246E11 /* Sources */,
				279ADECF1DD265A000246E11 /* Frameworks */,
				279ADED01DD265A000246E11 /* Resources */,
				3B598C4E87FC081F3F4ACB33 /* [CP] Embed Pods Frameworks */,
				CFDC18D8B9E1AD0DA8F79F9B /* [CP] Copy Pods Resources */,
			);
			buildRules = (
			);
			dependencies = (
			);
			name = GamesOfChats;
			productName = GamesOfChats;
			productReference = 279ADED21DD265A000246E11 /* GamesOfChats.app */;
			productType = "com.apple.product-type.application";
		};
/* End PBXNativeTarget section */

/* Begin PBXProject section */
		279ADECA1DD265A000246E11 /* Project object */ = {
			isa = PBXProject;
			attributes = {
				LastSwiftUpdateCheck = 0810;
				LastUpgradeCheck = 0810;
				ORGANIZATIONNAME = "Jorge Casariego";
				TargetAttributes = {
					279ADED11DD265A000246E11 = {
						CreatedOnToolsVersion = 8.1;
						DevelopmentTeam = UQGJF7PV8L;
						ProvisioningStyle = Automatic;
					};
				};
			};
			buildConfigurationList = 279ADECD1DD265A000246E11 /* Build configuration list for PBXProject "GamesOfChats" */;
			compatibilityVersion = "Xcode 3.2";
			developmentRegion = English;
			hasScannedForEncodings = 0;
			knownRegions = (
				en,
				Base,
			);
			mainGroup = 279ADEC91DD265A000246E11;
			productRefGroup = 279ADED31DD265A000246E11 /* Products */;
			projectDirPath = "";
			projectRoot = "";
			targets = (
				279ADED11DD265A000246E11 /* GamesOfChats */,
			);
		};
/* End PBXProject section */

/* Begin PBXResourcesBuildPhase section */
		279ADED01DD265A000246E11 /* Resources */ = {
			isa = PBXResourcesBuildPhase;
			buildActionMask = 2147483647;
			files = (
				279ADEE01DD265A000246E11 /* LaunchScreen.storyboard in Resources */,
				279ADEEB1DD35D9300246E11 /* GoogleService-Info.plist in Resources */,
				279ADEDD1DD265A000246E11 /* Assets.xcassets in Resources */,
				279ADEDB1DD265A000246E11 /* Main.storyboard in Resources */,
			);
			runOnlyForDeploymentPostprocessing = 0;
		};
/* End PBXResourcesBuildPhase section */

/* Begin PBXShellScriptBuildPhase section */
		16D07CD2FAAC636E993DB27D /* [CP] Check Pods Manifest.lock */ = {
			isa = PBXShellScriptBuildPhase;
			buildActionMask = 2147483647;
			files = (
			);
			inputPaths = (
			);
			name = "[CP] Check Pods Manifest.lock";
			outputPaths = (
			);
			runOnlyForDeploymentPostprocessing = 0;
			shellPath = /bin/sh;
			shellScript = "diff \"${PODS_ROOT}/../Podfile.lock\" \"${PODS_ROOT}/Manifest.lock\" > /dev/null\nif [ $? != 0 ] ; then\n    # print error to STDERR\n    echo \"error: The sandbox is not in sync with the Podfile.lock. Run 'pod install' or update your CocoaPods installation.\" >&2\n    exit 1\nfi\n";
			showEnvVarsInLog = 0;
		};
		3B598C4E87FC081F3F4ACB33 /* [CP] Embed Pods Frameworks */ = {
			isa = PBXShellScriptBuildPhase;
			buildActionMask = 2147483647;
			files = (
			);
			inputPaths = (
			);
			name = "[CP] Embed Pods Frameworks";
			outputPaths = (
			);
			runOnlyForDeploymentPostprocessing = 0;
			shellPath = /bin/sh;
			shellScript = "\"${SRCROOT}/Pods/Target Support Files/Pods-GamesOfChats/Pods-GamesOfChats-frameworks.sh\"\n";
			showEnvVarsInLog = 0;
		};
		CFDC18D8B9E1AD0DA8F79F9B /* [CP] Copy Pods Resources */ = {
			isa = PBXShellScriptBuildPhase;
			buildActionMask = 2147483647;
			files = (
			);
			inputPaths = (
			);
			name = "[CP] Copy Pods Resources";
			outputPaths = (
			);
			runOnlyForDeploymentPostprocessing = 0;
			shellPath = /bin/sh;
			shellScript = "\"${SRCROOT}/Pods/Target Support Files/Pods-GamesOfChats/Pods-GamesOfChats-resources.sh\"\n";
			showEnvVarsInLog = 0;
		};
/* End PBXShellScriptBuildPhase section */

/* Begin PBXSourcesBuildPhase section */
		279ADECE1DD265A000246E11 /* Sources */ = {
			isa = PBXSourcesBuildPhase;
			buildActionMask = 2147483647;
			files = (
				279ADEED1DD3CB7B00246E11 /* NewMessageController.swift in Sources */,
				279ADED81DD265A000246E11 /* MessagesController.swift in Sources */,
				279ADEF21DD50CA900246E11 /* LoginController+handlers.swift in Sources */,
				279ADEE91DD26A8200246E11 /* LoginController.swift in Sources */,
				279ADEF01DD4A2F700246E11 /* User.swift in Sources */,
				279ADED61DD265A000246E11 /* AppDelegate.swift in Sources */,
			);
			runOnlyForDeploymentPostprocessing = 0;
		};
/* End PBXSourcesBuildPhase section */

/* Begin PBXVariantGroup section */
		279ADED91DD265A000246E11 /* Main.storyboard */ = {
			isa = PBXVariantGroup;
			children = (
				279ADEDA1DD265A000246E11 /* Base */,
			);
			name = Main.storyboard;
			sourceTree = "<group>";
		};
		279ADEDE1DD265A000246E11 /* LaunchScreen.storyboard */ = {
			isa = PBXVariantGroup;
			children = (
				279ADEDF1DD265A000246E11 /* Base */,
			);
			name = LaunchScreen.storyboard;
			sourceTree = "<group>";
		};
/* End PBXVariantGroup section */

/* Begin XCBuildConfiguration section */
		279ADEE21DD265A000246E11 /* Debug */ = {
			isa = XCBuildConfiguration;
			buildSettings = {
				ALWAYS_SEARCH_USER_PATHS = NO;
				CLANG_ANALYZER_NONNULL = YES;
				CLANG_CXX_LANGUAGE_STANDARD = "gnu++0x";
				CLANG_CXX_LIBRARY = "libc++";
				CLANG_ENABLE_MODULES = YES;
				CLANG_ENABLE_OBJC_ARC = YES;
				CLANG_WARN_BOOL_CONVERSION = YES;
				CLANG_WARN_CONSTANT_CONVERSION = YES;
				CLANG_WARN_DIRECT_OBJC_ISA_USAGE = YES_ERROR;
				CLANG_WARN_DOCUMENTATION_COMMENTS = YES;
				CLANG_WARN_EMPTY_BODY = YES;
				CLANG_WARN_ENUM_CONVERSION = YES;
				CLANG_WARN_INFINITE_RECURSION = YES;
				CLANG_WARN_INT_CONVERSION = YES;
				CLANG_WARN_OBJC_ROOT_CLASS = YES_ERROR;
				CLANG_WARN_SUSPICIOUS_MOVES = YES;
				CLANG_WARN_UNREACHABLE_CODE = YES;
				CLANG_WARN__DUPLICATE_METHOD_MATCH = YES;
				"CODE_SIGN_IDENTITY[sdk=iphoneos*]" = "iPhone Developer";
				COPY_PHASE_STRIP = NO;
				DEBUG_INFORMATION_FORMAT = dwarf;
				ENABLE_STRICT_OBJC_MSGSEND = YES;
				ENABLE_TESTABILITY = YES;
				GCC_C_LANGUAGE_STANDARD = gnu99;
				GCC_DYNAMIC_NO_PIC = NO;
				GCC_NO_COMMON_BLOCKS = YES;
				GCC_OPTIMIZATION_LEVEL = 0;
				GCC_PREPROCESSOR_DEFINITIONS = (
					"DEBUG=1",
					"$(inherited)",
				);
				GCC_WARN_64_TO_32_BIT_CONVERSION = YES;
				GCC_WARN_ABOUT_RETURN_TYPE = YES_ERROR;
				GCC_WARN_UNDECLARED_SELECTOR = YES;
				GCC_WARN_UNINITIALIZED_AUTOS = YES_AGGRESSIVE;
				GCC_WARN_UNUSED_FUNCTION = YES;
				GCC_WARN_UNUSED_VARIABLE = YES;
				IPHONEOS_DEPLOYMENT_TARGET = 10.1;
				MTL_ENABLE_DEBUG_INFO = YES;
				ONLY_ACTIVE_ARCH = YES;
				SDKROOT = iphoneos;
				SWIFT_ACTIVE_COMPILATION_CONDITIONS = DEBUG;
				SWIFT_OPTIMIZATION_LEVEL = "-Onone";
				TARGETED_DEVICE_FAMILY = "1,2";
			};
			name = Debug;
		};
		279ADEE31DD265A000246E11 /* Release */ = {
			isa = XCBuildConfiguration;
			buildSettings = {
				ALWAYS_SEARCH_USER_PATHS = NO;
				CLANG_ANALYZER_NONNULL = YES;
				CLANG_CXX_LANGUAGE_STANDARD = "gnu++0x";
				CLANG_CXX_LIBRARY = "libc++";
				CLANG_ENABLE_MODULES = YES;
				CLANG_ENABLE_OBJC_ARC = YES;
				CLANG_WARN_BOOL_CONVERSION = YES;
				CLANG_WARN_CONSTANT_CONVERSION = YES;
				CLANG_WARN_DIRECT_OBJC_ISA_USAGE = YES_ERROR;
				CLANG_WARN_DOCUMENTATION_COMMENTS = YES;
				CLANG_WARN_EMPTY_BODY = YES;
				CLANG_WARN_ENUM_CONVERSION = YES;
				CLANG_WARN_INFINITE_RECURSION = YES;
				CLANG_WARN_INT_CONVERSION = YES;
				CLANG_WARN_OBJC_ROOT_CLASS = YES_ERROR;
				CLANG_WARN_SUSPICIOUS_MOVES = YES;
				CLANG_WARN_UNREACHABLE_CODE = YES;
				CLANG_WARN__DUPLICATE_METHOD_MATCH = YES;
				"CODE_SIGN_IDENTITY[sdk=iphoneos*]" = "iPhone Developer";
				COPY_PHASE_STRIP = NO;
				DEBUG_INFORMATION_FORMAT = "dwarf-with-dsym";
				ENABLE_NS_ASSERTIONS = NO;
				ENABLE_STRICT_OBJC_MSGSEND = YES;
				GCC_C_LANGUAGE_STANDARD = gnu99;
				GCC_NO_COMMON_BLOCKS = YES;
				GCC_WARN_64_TO_32_BIT_CONVERSION = YES;
				GCC_WARN_ABOUT_RETURN_TYPE = YES_ERROR;
				GCC_WARN_UNDECLARED_SELECTOR = YES;
				GCC_WARN_UNINITIALIZED_AUTOS = YES_AGGRESSIVE;
				GCC_WARN_UNUSED_FUNCTION = YES;
				GCC_WARN_UNUSED_VARIABLE = YES;
				IPHONEOS_DEPLOYMENT_TARGET = 10.1;
				MTL_ENABLE_DEBUG_INFO = NO;
				SDKROOT = iphoneos;
				SWIFT_OPTIMIZATION_LEVEL = "-Owholemodule";
				TARGETED_DEVICE_FAMILY = "1,2";
				VALIDATE_PRODUCT = YES;
			};
			name = Release;
		};
		279ADEE51DD265A000246E11 /* Debug */ = {
			isa = XCBuildConfiguration;
			baseConfigurationReference = 39F414FE47EEDFD9ECB9FDF4 /* Pods-GamesOfChats.debug.xcconfig */;
			buildSettings = {
				ASSETCATALOG_COMPILER_APPICON_NAME = AppIcon;
				DEVELOPMENT_TEAM = UQGJF7PV8L;
				INFOPLIST_FILE = GamesOfChats/Info.plist;
				LD_RUNPATH_SEARCH_PATHS = "$(inherited) @executable_path/Frameworks";
				PRODUCT_BUNDLE_IDENTIFIER = jorgecasariego.me.GamesOfChats;
				PRODUCT_NAME = "$(TARGET_NAME)";
				SWIFT_VERSION = 3.0;
			};
			name = Debug;
		};
		279ADEE61DD265A000246E11 /* Release */ = {
			isa = XCBuildConfiguration;
			baseConfigurationReference = 80BFD04A684C31382C28147D /* Pods-GamesOfChats.release.xcconfig */;
			buildSettings = {
				ASSETCATALOG_COMPILER_APPICON_NAME = AppIcon;
				DEVELOPMENT_TEAM = UQGJF7PV8L;
				INFOPLIST_FILE = GamesOfChats/Info.plist;
				LD_RUNPATH_SEARCH_PATHS = "$(inherited) @executable_path/Frameworks";
				PRODUCT_BUNDLE_IDENTIFIER = jorgecasariego.me.GamesOfChats;
				PRODUCT_NAME = "$(TARGET_NAME)";
				SWIFT_VERSION = 3.0;
			};
			name = Release;
		};
/* End XCBuildConfiguration section */

/* Begin XCConfigurationList section */
		279ADECD1DD265A000246E11 /* Build configuration list for PBXProject "GamesOfChats" */ = {
			isa = XCConfigurationList;
			buildConfigurations = (
				279ADEE21DD265A000246E11 /* Debug */,
				279ADEE31DD265A000246E11 /* Release */,
			);
			defaultConfigurationIsVisible = 0;
			defaultConfigurationName = Release;
		};
		279ADEE41DD265A000246E11 /* Build configuration list for PBXNativeTarget "GamesOfChats" */ = {
			isa = XCConfigurationList;
			buildConfigurations = (
				279ADEE51DD265A000246E11 /* Debug */,
				279ADEE61DD265A000246E11 /* Release */,
			);
			defaultConfigurationIsVisible = 0;
			defaultConfigurationName = Release;
		};
/* End XCConfigurationList section */
	};
	rootObject = 279ADECA1DD265A000246E11 /* Project object */;
}
